// !$*UTF8*$!
{
	archiveVersion = 1;
	classes = {
	};
	objectVersion = 48;
	objects = {

/* Begin PBXBuildFile section */
		7759CFB8200F82F5006D472B /* AppDelegate.swift in Sources */ = {isa = PBXBuildFile; fileRef = 7759CFB7200F82F5006D472B /* AppDelegate.swift */; };
		7759CFBA200F82F5006D472B /* RootViewController.swift in Sources */ = {isa = PBXBuildFile; fileRef = 7759CFB9200F82F5006D472B /* RootViewController.swift */; };
		7759CFBD200F82F5006D472B /* Main.storyboard in Resources */ = {isa = PBXBuildFile; fileRef = 7759CFBB200F82F5006D472B /* Main.storyboard */; };
		7759CFBF200F82F5006D472B /* Assets.xcassets in Resources */ = {isa = PBXBuildFile; fileRef = 7759CFBE200F82F5006D472B /* Assets.xcassets */; };
		7759CFC2200F82F5006D472B /* LaunchScreen.storyboard in Resources */ = {isa = PBXBuildFile; fileRef = 7759CFC0200F82F5006D472B /* LaunchScreen.storyboard */; };
		7759CFEE2010E35D006D472B /* Default-568h@2x.png in Resources */ = {isa = PBXBuildFile; fileRef = 7759CFED2010E35D006D472B /* Default-568h@2x.png */; };
		77A4C53220119E8300DB4676 /* Config.swift in Sources */ = {isa = PBXBuildFile; fileRef = 77A4C53120119E8300DB4676 /* Config.swift */; };
		77A4C53520119FC000DB4676 /* Location.swift in Sources */ = {isa = PBXBuildFile; fileRef = 77A4C53420119FC000DB4676 /* Location.swift */; };
		77A4C5372011A05A00DB4676 /* WeatherData.swift in Sources */ = {isa = PBXBuildFile; fileRef = 77A4C5362011A05A00DB4676 /* WeatherData.swift */; };
		77B268162018CBB500A155D1 /* CurrentWeatherViewModel.swift in Sources */ = {isa = PBXBuildFile; fileRef = 77B268152018CBB500A155D1 /* CurrentWeatherViewModel.swift */; };
		77B268182018CE2500A155D1 /* UIImage.swift in Sources */ = {isa = PBXBuildFile; fileRef = 77B268172018CE2500A155D1 /* UIImage.swift */; };
		77BD7D212016EBA700077F8A /* WeatherViewController.swift in Sources */ = {isa = PBXBuildFile; fileRef = 77BD7D202016EBA700077F8A /* WeatherViewController.swift */; };
		77BD7D232016EE1600077F8A /* CurrentWeatherViewController.swift in Sources */ = {isa = PBXBuildFile; fileRef = 77BD7D222016EE1600077F8A /* CurrentWeatherViewController.swift */; };
		77BD7D252016F05500077F8A /* Double.swift in Sources */ = {isa = PBXBuildFile; fileRef = 77BD7D242016F05500077F8A /* Double.swift */; };
		77D33148201B5A8F008BB495 /* CurrentWeatherUITests.swift in Sources */ = {isa = PBXBuildFile; fileRef = 77D33147201B5A8F008BB495 /* CurrentWeatherUITests.swift */; };
		77E2BA032011C24400651699 /* WeatherDataManager.swift in Sources */ = {isa = PBXBuildFile; fileRef = 77E2BA022011C24400651699 /* WeatherDataManager.swift */; };
		77E2BA072011EA9900651699 /* WeatherDataManagerTests.swift in Sources */ = {isa = PBXBuildFile; fileRef = 77E2BA062011EA9900651699 /* WeatherDataManagerTests.swift */; };
		77E2BA0B2011F01B00651699 /* URLSessionProtocol.swift in Sources */ = {isa = PBXBuildFile; fileRef = 77E2BA0A2011F01B00651699 /* URLSessionProtocol.swift */; };
		77E2BA0D2011F02D00651699 /* URLSessionDataTaskProtocol.swift in Sources */ = {isa = PBXBuildFile; fileRef = 77E2BA0C2011F02D00651699 /* URLSessionDataTaskProtocol.swift */; };
		77E2BA0F2011F13000651699 /* URLSession.swift in Sources */ = {isa = PBXBuildFile; fileRef = 77E2BA0E2011F13000651699 /* URLSession.swift */; };
		77E2BA112011F13C00651699 /* URLSessionDataTask.swift in Sources */ = {isa = PBXBuildFile; fileRef = 77E2BA102011F13C00651699 /* URLSessionDataTask.swift */; };
		77E2BA132011F2FA00651699 /* MockURLSession.swift in Sources */ = {isa = PBXBuildFile; fileRef = 77E2BA122011F2FA00651699 /* MockURLSession.swift */; };
		77E2BA152011F30700651699 /* MockURLSessionDataTask.swift in Sources */ = {isa = PBXBuildFile; fileRef = 77E2BA142011F30700651699 /* MockURLSessionDataTask.swift */; };
/* End PBXBuildFile section */

/* Begin PBXContainerItemProxy section */
		7759CFC9200F82F5006D472B /* PBXContainerItemProxy */ = {
			isa = PBXContainerItemProxy;
			containerPortal = 7759CFAC200F82F5006D472B /* Project object */;
			proxyType = 1;
			remoteGlobalIDString = 7759CFB3200F82F5006D472B;
			remoteInfo = Sky;
		};
		7759CFD4200F82F5006D472B /* PBXContainerItemProxy */ = {
			isa = PBXContainerItemProxy;
			containerPortal = 7759CFAC200F82F5006D472B /* Project object */;
			proxyType = 1;
			remoteGlobalIDString = 7759CFB3200F82F5006D472B;
			remoteInfo = Sky;
		};
/* End PBXContainerItemProxy section */

/* Begin PBXFileReference section */
		7759CFB4200F82F5006D472B /* Sky.app */ = {isa = PBXFileReference; explicitFileType = wrapper.application; includeInIndex = 0; path = Sky.app; sourceTree = BUILT_PRODUCTS_DIR; };
		7759CFB7200F82F5006D472B /* AppDelegate.swift */ = {isa = PBXFileReference; lastKnownFileType = sourcecode.swift; path = AppDelegate.swift; sourceTree = "<group>"; };
		7759CFB9200F82F5006D472B /* RootViewController.swift */ = {isa = PBXFileReference; lastKnownFileType = sourcecode.swift; path = RootViewController.swift; sourceTree = "<group>"; };
		7759CFBC200F82F5006D472B /* Base */ = {isa = PBXFileReference; lastKnownFileType = file.storyboard; name = Base; path = Base.lproj/Main.storyboard; sourceTree = "<group>"; };
		7759CFBE200F82F5006D472B /* Assets.xcassets */ = {isa = PBXFileReference; lastKnownFileType = folder.assetcatalog; path = Assets.xcassets; sourceTree = "<group>"; };
		7759CFC1200F82F5006D472B /* Base */ = {isa = PBXFileReference; lastKnownFileType = file.storyboard; name = Base; path = Base.lproj/LaunchScreen.storyboard; sourceTree = "<group>"; };
		7759CFC3200F82F5006D472B /* Info.plist */ = {isa = PBXFileReference; lastKnownFileType = text.plist.xml; path = Info.plist; sourceTree = "<group>"; };
		7759CFC8200F82F5006D472B /* SkyTests.xctest */ = {isa = PBXFileReference; explicitFileType = wrapper.cfbundle; includeInIndex = 0; path = SkyTests.xctest; sourceTree = BUILT_PRODUCTS_DIR; };
		7759CFCE200F82F5006D472B /* Info.plist */ = {isa = PBXFileReference; lastKnownFileType = text.plist.xml; path = Info.plist; sourceTree = "<group>"; };
		7759CFD3200F82F5006D472B /* SkyUITests.xctest */ = {isa = PBXFileReference; explicitFileType = wrapper.cfbundle; includeInIndex = 0; path = SkyUITests.xctest; sourceTree = BUILT_PRODUCTS_DIR; };
		7759CFD9200F82F5006D472B /* Info.plist */ = {isa = PBXFileReference; lastKnownFileType = text.plist.xml; path = Info.plist; sourceTree = "<group>"; };
		7759CFED2010E35D006D472B /* Default-568h@2x.png */ = {isa = PBXFileReference; lastKnownFileType = image.png; path = "Default-568h@2x.png"; sourceTree = "<group>"; };
		77A4C53120119E8300DB4676 /* Config.swift */ = {isa = PBXFileReference; lastKnownFileType = sourcecode.swift; path = Config.swift; sourceTree = "<group>"; };
		77A4C53420119FC000DB4676 /* Location.swift */ = {isa = PBXFileReference; lastKnownFileType = sourcecode.swift; path = Location.swift; sourceTree = "<group>"; };
		77A4C5362011A05A00DB4676 /* WeatherData.swift */ = {isa = PBXFileReference; lastKnownFileType = sourcecode.swift; path = WeatherData.swift; sourceTree = "<group>"; };
		77B268152018CBB500A155D1 /* CurrentWeatherViewModel.swift */ = {isa = PBXFileReference; lastKnownFileType = sourcecode.swift; path = CurrentWeatherViewModel.swift; sourceTree = "<group>"; };
		77B268172018CE2500A155D1 /* UIImage.swift */ = {isa = PBXFileReference; lastKnownFileType = sourcecode.swift; path = UIImage.swift; sourceTree = "<group>"; };
		77BD7D202016EBA700077F8A /* WeatherViewController.swift */ = {isa = PBXFileReference; lastKnownFileType = sourcecode.swift; path = WeatherViewController.swift; sourceTree = "<group>"; };
		77BD7D222016EE1600077F8A /* CurrentWeatherViewController.swift */ = {isa = PBXFileReference; lastKnownFileType = sourcecode.swift; path = CurrentWeatherViewController.swift; sourceTree = "<group>"; };
		77BD7D242016F05500077F8A /* Double.swift */ = {isa = PBXFileReference; lastKnownFileType = sourcecode.swift; path = Double.swift; sourceTree = "<group>"; };
		77D33147201B5A8F008BB495 /* CurrentWeatherUITests.swift */ = {isa = PBXFileReference; lastKnownFileType = sourcecode.swift; path = CurrentWeatherUITests.swift; sourceTree = "<group>"; };
		77E2BA022011C24400651699 /* WeatherDataManager.swift */ = {isa = PBXFileReference; lastKnownFileType = sourcecode.swift; path = WeatherDataManager.swift; sourceTree = "<group>"; };
		77E2BA062011EA9900651699 /* WeatherDataManagerTests.swift */ = {isa = PBXFileReference; lastKnownFileType = sourcecode.swift; path = WeatherDataManagerTests.swift; sourceTree = "<group>"; };
		77E2BA0A2011F01B00651699 /* URLSessionProtocol.swift */ = {isa = PBXFileReference; lastKnownFileType = sourcecode.swift; path = URLSessionProtocol.swift; sourceTree = "<group>"; };
		77E2BA0C2011F02D00651699 /* URLSessionDataTaskProtocol.swift */ = {isa = PBXFileReference; lastKnownFileType = sourcecode.swift; path = URLSessionDataTaskProtocol.swift; sourceTree = "<group>"; };
		77E2BA0E2011F13000651699 /* URLSession.swift */ = {isa = PBXFileReference; lastKnownFileType = sourcecode.swift; path = URLSession.swift; sourceTree = "<group>"; };
		77E2BA102011F13C00651699 /* URLSessionDataTask.swift */ = {isa = PBXFileReference; lastKnownFileType = sourcecode.swift; path = URLSessionDataTask.swift; sourceTree = "<group>"; };
		77E2BA122011F2FA00651699 /* MockURLSession.swift */ = {isa = PBXFileReference; lastKnownFileType = sourcecode.swift; path = MockURLSession.swift; sourceTree = "<group>"; };
		77E2BA142011F30700651699 /* MockURLSessionDataTask.swift */ = {isa = PBXFileReference; lastKnownFileType = sourcecode.swift; path = MockURLSessionDataTask.swift; sourceTree = "<group>"; };
/* End PBXFileReference section */

/* Begin PBXFrameworksBuildPhase section */
		7759CFB1200F82F5006D472B /* Frameworks */ = {
			isa = PBXFrameworksBuildPhase;
			buildActionMask = 2147483647;
			files = (
			);
			runOnlyForDeploymentPostprocessing = 0;
		};
		7759CFC5200F82F5006D472B /* Frameworks */ = {
			isa = PBXFrameworksBuildPhase;
			buildActionMask = 2147483647;
			files = (
			);
			runOnlyForDeploymentPostprocessing = 0;
		};
		7759CFD0200F82F5006D472B /* Frameworks */ = {
			isa = PBXFrameworksBuildPhase;
			buildActionMask = 2147483647;
			files = (
			);
			runOnlyForDeploymentPostprocessing = 0;
		};
/* End PBXFrameworksBuildPhase section */

/* Begin PBXGroup section */
		7759CFAB200F82F5006D472B = {
			isa = PBXGroup;
			children = (
				7759CFED2010E35D006D472B /* Default-568h@2x.png */,
				7759CFB6200F82F5006D472B /* Sky */,
				7759CFCB200F82F5006D472B /* SkyTests */,
				7759CFD6200F82F5006D472B /* SkyUITests */,
				7759CFB5200F82F5006D472B /* Products */,
			);
			sourceTree = "<group>";
		};
		7759CFB5200F82F5006D472B /* Products */ = {
			isa = PBXGroup;
			children = (
				7759CFB4200F82F5006D472B /* Sky.app */,
				7759CFC8200F82F5006D472B /* SkyTests.xctest */,
				7759CFD3200F82F5006D472B /* SkyUITests.xctest */,
			);
			name = Products;
			sourceTree = "<group>";
		};
		7759CFB6200F82F5006D472B /* Sky */ = {
			isa = PBXGroup;
			children = (
				77B268142018CB8800A155D1 /* ViewModels */,
				77E2BA092011F00900651699 /* Extensions */,
				77E2BA082011F00100651699 /* Protocols */,
				77E2BA012011C22B00651699 /* Manager */,
				77A4C53320119FB300DB4676 /* Models */,
				77A4C53020119E6200DB4676 /* Config */,
				7759CFEC2010E340006D472B /* Supporting Files */,
				7759CFEB2010E32C006D472B /* Resources */,
				7759CFE52010E1CB006D472B /* Delegate */,
				7759CFE82010E235006D472B /* Storyboards */,
				7759CFE62010E1E1006D472B /* ViewControllers */,
			);
			path = Sky;
			sourceTree = "<group>";
		};
		7759CFCB200F82F5006D472B /* SkyTests */ = {
			isa = PBXGroup;
			children = (
				7759CFCE200F82F5006D472B /* Info.plist */,
				77E2BA062011EA9900651699 /* WeatherDataManagerTests.swift */,
				77E2BA122011F2FA00651699 /* MockURLSession.swift */,
				77E2BA142011F30700651699 /* MockURLSessionDataTask.swift */,
			);
			path = SkyTests;
			sourceTree = "<group>";
		};
		7759CFD6200F82F5006D472B /* SkyUITests */ = {
			isa = PBXGroup;
			children = (
				7759CFD9200F82F5006D472B /* Info.plist */,
				77D33147201B5A8F008BB495 /* CurrentWeatherUITests.swift */,
			);
			path = SkyUITests;
			sourceTree = "<group>";
		};
		7759CFE52010E1CB006D472B /* Delegate */ = {
			isa = PBXGroup;
			children = (
				7759CFB7200F82F5006D472B /* AppDelegate.swift */,
			);
			path = Delegate;
			sourceTree = "<group>";
		};
		7759CFE62010E1E1006D472B /* ViewControllers */ = {
			isa = PBXGroup;
			children = (
				7759CFB9200F82F5006D472B /* RootViewController.swift */,
				77BD7D202016EBA700077F8A /* WeatherViewController.swift */,
				77BD7D222016EE1600077F8A /* CurrentWeatherViewController.swift */,
			);
			path = ViewControllers;
			sourceTree = "<group>";
		};
		7759CFE82010E235006D472B /* Storyboards */ = {
			isa = PBXGroup;
			children = (
				7759CFC0200F82F5006D472B /* LaunchScreen.storyboard */,
				7759CFBB200F82F5006D472B /* Main.storyboard */,
			);
			path = Storyboards;
			sourceTree = "<group>";
		};
		7759CFEB2010E32C006D472B /* Resources */ = {
			isa = PBXGroup;
			children = (
				7759CFBE200F82F5006D472B /* Assets.xcassets */,
			);
			path = Resources;
			sourceTree = "<group>";
		};
		7759CFEC2010E340006D472B /* Supporting Files */ = {
			isa = PBXGroup;
			children = (
				7759CFC3200F82F5006D472B /* Info.plist */,
			);
			path = "Supporting Files";
			sourceTree = "<group>";
		};
		77A4C53020119E6200DB4676 /* Config */ = {
			isa = PBXGroup;
			children = (
				77A4C53120119E8300DB4676 /* Config.swift */,
			);
			path = Config;
			sourceTree = "<group>";
		};
		77A4C53320119FB300DB4676 /* Models */ = {
			isa = PBXGroup;
			children = (
				77A4C53420119FC000DB4676 /* Location.swift */,
				77A4C5362011A05A00DB4676 /* WeatherData.swift */,
			);
			path = Models;
			sourceTree = "<group>";
		};
		77B268142018CB8800A155D1 /* ViewModels */ = {
			isa = PBXGroup;
			children = (
				77B268152018CBB500A155D1 /* CurrentWeatherViewModel.swift */,
			);
			path = ViewModels;
			sourceTree = "<group>";
		};
		77E2BA012011C22B00651699 /* Manager */ = {
			isa = PBXGroup;
			children = (
				77E2BA022011C24400651699 /* WeatherDataManager.swift */,
			);
			path = Manager;
			sourceTree = "<group>";
		};
		77E2BA082011F00100651699 /* Protocols */ = {
			isa = PBXGroup;
			children = (
				77E2BA0A2011F01B00651699 /* URLSessionProtocol.swift */,
				77E2BA0C2011F02D00651699 /* URLSessionDataTaskProtocol.swift */,
			);
			path = Protocols;
			sourceTree = "<group>";
		};
		77E2BA092011F00900651699 /* Extensions */ = {
			isa = PBXGroup;
			children = (
				77E2BA0E2011F13000651699 /* URLSession.swift */,
				77E2BA102011F13C00651699 /* URLSessionDataTask.swift */,
				77BD7D242016F05500077F8A /* Double.swift */,
				77B268172018CE2500A155D1 /* UIImage.swift */,
			);
			path = Extensions;
			sourceTree = "<group>";
		};
/* End PBXGroup section */

/* Begin PBXNativeTarget section */
		7759CFB3200F82F5006D472B /* Sky */ = {
			isa = PBXNativeTarget;
			buildConfigurationList = 7759CFDC200F82F5006D472B /* Build configuration list for PBXNativeTarget "Sky" */;
			buildPhases = (
				7759CFB0200F82F5006D472B /* Sources */,
				7759CFB1200F82F5006D472B /* Frameworks */,
				7759CFB2200F82F5006D472B /* Resources */,
			);
			buildRules = (
			);
			dependencies = (
			);
			name = Sky;
			productName = Sky;
			productReference = 7759CFB4200F82F5006D472B /* Sky.app */;
			productType = "com.apple.product-type.application";
		};
		7759CFC7200F82F5006D472B /* SkyTests */ = {
			isa = PBXNativeTarget;
			buildConfigurationList = 7759CFDF200F82F5006D472B /* Build configuration list for PBXNativeTarget "SkyTests" */;
			buildPhases = (
				7759CFC4200F82F5006D472B /* Sources */,
				7759CFC5200F82F5006D472B /* Frameworks */,
				7759CFC6200F82F5006D472B /* Resources */,
			);
			buildRules = (
			);
			dependencies = (
				7759CFCA200F82F5006D472B /* PBXTargetDependency */,
			);
			name = SkyTests;
			productName = SkyTests;
			productReference = 7759CFC8200F82F5006D472B /* SkyTests.xctest */;
			productType = "com.apple.product-type.bundle.unit-test";
		};
		7759CFD2200F82F5006D472B /* SkyUITests */ = {
			isa = PBXNativeTarget;
			buildConfigurationList = 7759CFE2200F82F5006D472B /* Build configuration list for PBXNativeTarget "SkyUITests" */;
			buildPhases = (
				7759CFCF200F82F5006D472B /* Sources */,
				7759CFD0200F82F5006D472B /* Frameworks */,
				7759CFD1200F82F5006D472B /* Resources */,
			);
			buildRules = (
			);
			dependencies = (
				7759CFD5200F82F5006D472B /* PBXTargetDependency */,
			);
			name = SkyUITests;
			productName = SkyUITests;
			productReference = 7759CFD3200F82F5006D472B /* SkyUITests.xctest */;
			productType = "com.apple.product-type.bundle.ui-testing";
		};
/* End PBXNativeTarget section */

/* Begin PBXProject section */
		7759CFAC200F82F5006D472B /* Project object */ = {
			isa = PBXProject;
			attributes = {
				CLASSPREFIX = "";
				LastSwiftUpdateCheck = 0920;
				LastUpgradeCheck = 0920;
				ORGANIZATIONNAME = junyixin;
				TargetAttributes = {
					7759CFB3200F82F5006D472B = {
						CreatedOnToolsVersion = 9.2;
						ProvisioningStyle = Automatic;
					};
					7759CFC7200F82F5006D472B = {
						CreatedOnToolsVersion = 9.2;
						LastSwiftMigration = 0920;
						ProvisioningStyle = Automatic;
						TestTargetID = 7759CFB3200F82F5006D472B;
					};
					7759CFD2200F82F5006D472B = {
						CreatedOnToolsVersion = 9.2;
						LastSwiftMigration = 0920;
						ProvisioningStyle = Automatic;
						TestTargetID = 7759CFB3200F82F5006D472B;
					};
				};
			};
			buildConfigurationList = 7759CFAF200F82F5006D472B /* Build configuration list for PBXProject "Sky" */;
			compatibilityVersion = "Xcode 8.0";
			developmentRegion = en;
			hasScannedForEncodings = 0;
			knownRegions = (
				en,
				Base,
			);
			mainGroup = 7759CFAB200F82F5006D472B;
			productRefGroup = 7759CFB5200F82F5006D472B /* Products */;
			projectDirPath = "";
			projectRoot = "";
			targets = (
				7759CFB3200F82F5006D472B /* Sky */,
				7759CFC7200F82F5006D472B /* SkyTests */,
				7759CFD2200F82F5006D472B /* SkyUITests */,
			);
		};
/* End PBXProject section */

/* Begin PBXResourcesBuildPhase section */
		7759CFB2200F82F5006D472B /* Resources */ = {
			isa = PBXResourcesBuildPhase;
			buildActionMask = 2147483647;
			files = (
				7759CFC2200F82F5006D472B /* LaunchScreen.storyboard in Resources */,
				7759CFEE2010E35D006D472B /* Default-568h@2x.png in Resources */,
				7759CFBF200F82F5006D472B /* Assets.xcassets in Resources */,
				7759CFBD200F82F5006D472B /* Main.storyboard in Resources */,
			);
			runOnlyForDeploymentPostprocessing = 0;
		};
		7759CFC6200F82F5006D472B /* Resources */ = {
			isa = PBXResourcesBuildPhase;
			buildActionMask = 2147483647;
			files = (
			);
			runOnlyForDeploymentPostprocessing = 0;
		};
		7759CFD1200F82F5006D472B /* Resources */ = {
			isa = PBXResourcesBuildPhase;
			buildActionMask = 2147483647;
			files = (
			);
			runOnlyForDeploymentPostprocessing = 0;
		};
/* End PBXResourcesBuildPhase section */

/* Begin PBXSourcesBuildPhase section */
		7759CFB0200F82F5006D472B /* Sources */ = {
			isa = PBXSourcesBuildPhase;
			buildActionMask = 2147483647;
			files = (
				77E2BA0B2011F01B00651699 /* URLSessionProtocol.swift in Sources */,
				77E2BA032011C24400651699 /* WeatherDataManager.swift in Sources */,
				77E2BA0D2011F02D00651699 /* URLSessionDataTaskProtocol.swift in Sources */,
				77E2BA112011F13C00651699 /* URLSessionDataTask.swift in Sources */,
				77BD7D252016F05500077F8A /* Double.swift in Sources */,
				7759CFBA200F82F5006D472B /* RootViewController.swift in Sources */,
				77B268182018CE2500A155D1 /* UIImage.swift in Sources */,
				77A4C5372011A05A00DB4676 /* WeatherData.swift in Sources */,
				77E2BA0F2011F13000651699 /* URLSession.swift in Sources */,
				7759CFB8200F82F5006D472B /* AppDelegate.swift in Sources */,
				77A4C53520119FC000DB4676 /* Location.swift in Sources */,
				77A4C53220119E8300DB4676 /* Config.swift in Sources */,
				77BD7D212016EBA700077F8A /* WeatherViewController.swift in Sources */,
				77BD7D232016EE1600077F8A /* CurrentWeatherViewController.swift in Sources */,
				77B268162018CBB500A155D1 /* CurrentWeatherViewModel.swift in Sources */,
			);
			runOnlyForDeploymentPostprocessing = 0;
		};
		7759CFC4200F82F5006D472B /* Sources */ = {
			isa = PBXSourcesBuildPhase;
			buildActionMask = 2147483647;
			files = (
				77E2BA152011F30700651699 /* MockURLSessionDataTask.swift in Sources */,
				77E2BA132011F2FA00651699 /* MockURLSession.swift in Sources */,
				77E2BA072011EA9900651699 /* WeatherDataManagerTests.swift in Sources */,
			);
			runOnlyForDeploymentPostprocessing = 0;
		};
		7759CFCF200F82F5006D472B /* Sources */ = {
			isa = PBXSourcesBuildPhase;
			buildActionMask = 2147483647;
			files = (
				77D33148201B5A8F008BB495 /* CurrentWeatherUITests.swift in Sources */,
			);
			runOnlyForDeploymentPostprocessing = 0;
		};
/* End PBXSourcesBuildPhase section */

/* Begin PBXTargetDependency section */
		7759CFCA200F82F5006D472B /* PBXTargetDependency */ = {
			isa = PBXTargetDependency;
			target = 7759CFB3200F82F5006D472B /* Sky */;
			targetProxy = 7759CFC9200F82F5006D472B /* PBXContainerItemProxy */;
		};
		7759CFD5200F82F5006D472B /* PBXTargetDependency */ = {
			isa = PBXTargetDependency;
			target = 7759CFB3200F82F5006D472B /* Sky */;
			targetProxy = 7759CFD4200F82F5006D472B /* PBXContainerItemProxy */;
		};
/* End PBXTargetDependency section */

/* Begin PBXVariantGroup section */
		7759CFBB200F82F5006D472B /* Main.storyboard */ = {
			isa = PBXVariantGroup;
			children = (
				7759CFBC200F82F5006D472B /* Base */,
			);
			name = Main.storyboard;
			sourceTree = "<group>";
		};
		7759CFC0200F82F5006D472B /* LaunchScreen.storyboard */ = {
			isa = PBXVariantGroup;
			children = (
				7759CFC1200F82F5006D472B /* Base */,
			);
			name = LaunchScreen.storyboard;
			sourceTree = "<group>";
		};
/* End PBXVariantGroup section */

/* Begin XCBuildConfiguration section */
		7759CFDA200F82F5006D472B /* Debug */ = {
			isa = XCBuildConfiguration;
			buildSettings = {
				ALWAYS_SEARCH_USER_PATHS = NO;
				CLANG_ANALYZER_NONNULL = YES;
				CLANG_ANALYZER_NUMBER_OBJECT_CONVERSION = YES_AGGRESSIVE;
				CLANG_CXX_LANGUAGE_STANDARD = "gnu++14";
				CLANG_CXX_LIBRARY = "libc++";
				CLANG_ENABLE_MODULES = YES;
				CLANG_ENABLE_OBJC_ARC = YES;
				CLANG_WARN_BLOCK_CAPTURE_AUTORELEASING = YES;
				CLANG_WARN_BOOL_CONVERSION = YES;
				CLANG_WARN_COMMA = YES;
				CLANG_WARN_CONSTANT_CONVERSION = YES;
				CLANG_WARN_DIRECT_OBJC_ISA_USAGE = YES_ERROR;
				CLANG_WARN_DOCUMENTATION_COMMENTS = YES;
				CLANG_WARN_EMPTY_BODY = YES;
				CLANG_WARN_ENUM_CONVERSION = YES;
				CLANG_WARN_INFINITE_RECURSION = YES;
				CLANG_WARN_INT_CONVERSION = YES;
				CLANG_WARN_NON_LITERAL_NULL_CONVERSION = YES;
				CLANG_WARN_OBJC_LITERAL_CONVERSION = YES;
				CLANG_WARN_OBJC_ROOT_CLASS = YES_ERROR;
				CLANG_WARN_RANGE_LOOP_ANALYSIS = YES;
				CLANG_WARN_STRICT_PROTOTYPES = YES;
				CLANG_WARN_SUSPICIOUS_MOVE = YES;
				CLANG_WARN_UNGUARDED_AVAILABILITY = YES_AGGRESSIVE;
				CLANG_WARN_UNREACHABLE_CODE = YES;
				CLANG_WARN__DUPLICATE_METHOD_MATCH = YES;
				CODE_SIGN_IDENTITY = "iPhone Developer";
				COPY_PHASE_STRIP = NO;
				DEBUG_INFORMATION_FORMAT = dwarf;
				ENABLE_STRICT_OBJC_MSGSEND = YES;
				ENABLE_TESTABILITY = YES;
				GCC_C_LANGUAGE_STANDARD = gnu11;
				GCC_DYNAMIC_NO_PIC = NO;
				GCC_NO_COMMON_BLOCKS = YES;
				GCC_OPTIMIZATION_LEVEL = 0;
				GCC_PREPROCESSOR_DEFINITIONS = (
					"DEBUG=1",
					"$(inherited)",
				);
				GCC_WARN_64_TO_32_BIT_CONVERSION = YES;
				GCC_WARN_ABOUT_RETURN_TYPE = YES_ERROR;
				GCC_WARN_UNDECLARED_SELECTOR = YES;
				GCC_WARN_UNINITIALIZED_AUTOS = YES_AGGRESSIVE;
				GCC_WARN_UNUSED_FUNCTION = YES;
				GCC_WARN_UNUSED_VARIABLE = YES;
				IPHONEOS_DEPLOYMENT_TARGET = 11.2;
				MTL_ENABLE_DEBUG_INFO = YES;
				ONLY_ACTIVE_ARCH = YES;
				SDKROOT = iphoneos;
				SWIFT_ACTIVE_COMPILATION_CONDITIONS = DEBUG;
				SWIFT_OPTIMIZATION_LEVEL = "-Onone";
			};
			name = Debug;
		};
		7759CFDB200F82F5006D472B /* Release */ = {
			isa = XCBuildConfiguration;
			buildSettings = {
				ALWAYS_SEARCH_USER_PATHS = NO;
				CLANG_ANALYZER_NONNULL = YES;
				CLANG_ANALYZER_NUMBER_OBJECT_CONVERSION = YES_AGGRESSIVE;
				CLANG_CXX_LANGUAGE_STANDARD = "gnu++14";
				CLANG_CXX_LIBRARY = "libc++";
				CLANG_ENABLE_MODULES = YES;
				CLANG_ENABLE_OBJC_ARC = YES;
				CLANG_WARN_BLOCK_CAPTURE_AUTORELEASING = YES;
				CLANG_WARN_BOOL_CONVERSION = YES;
				CLANG_WARN_COMMA = YES;
				CLANG_WARN_CONSTANT_CONVERSION = YES;
				CLANG_WARN_DIRECT_OBJC_ISA_USAGE = YES_ERROR;
				CLANG_WARN_DOCUMENTATION_COMMENTS = YES;
				CLANG_WARN_EMPTY_BODY = YES;
				CLANG_WARN_ENUM_CONVERSION = YES;
				CLANG_WARN_INFINITE_RECURSION = YES;
				CLANG_WARN_INT_CONVERSION = YES;
				CLANG_WARN_NON_LITERAL_NULL_CONVERSION = YES;
				CLANG_WARN_OBJC_LITERAL_CONVERSION = YES;
				CLANG_WARN_OBJC_ROOT_CLASS = YES_ERROR;
				CLANG_WARN_RANGE_LOOP_ANALYSIS = YES;
				CLANG_WARN_STRICT_PROTOTYPES = YES;
				CLANG_WARN_SUSPICIOUS_MOVE = YES;
				CLANG_WARN_UNGUARDED_AVAILABILITY = YES_AGGRESSIVE;
				CLANG_WARN_UNREACHABLE_CODE = YES;
				CLANG_WARN__DUPLICATE_METHOD_MATCH = YES;
				CODE_SIGN_IDENTITY = "iPhone Developer";
				COPY_PHASE_STRIP = NO;
				DEBUG_INFORMATION_FORMAT = "dwarf-with-dsym";
				ENABLE_NS_ASSERTIONS = NO;
				ENABLE_STRICT_OBJC_MSGSEND = YES;
				GCC_C_LANGUAGE_STANDARD = gnu11;
				GCC_NO_COMMON_BLOCKS = YES;
				GCC_WARN_64_TO_32_BIT_CONVERSION = YES;
				GCC_WARN_ABOUT_RETURN_TYPE = YES_ERROR;
				GCC_WARN_UNDECLARED_SELECTOR = YES;
				GCC_WARN_UNINITIALIZED_AUTOS = YES_AGGRESSIVE;
				GCC_WARN_UNUSED_FUNCTION = YES;
				GCC_WARN_UNUSED_VARIABLE = YES;
				IPHONEOS_DEPLOYMENT_TARGET = 11.2;
				MTL_ENABLE_DEBUG_INFO = NO;
				SDKROOT = iphoneos;
				SWIFT_OPTIMIZATION_LEVEL = "-Owholemodule";
				VALIDATE_PRODUCT = YES;
			};
			name = Release;
		};
		7759CFDD200F82F5006D472B /* Debug */ = {
			isa = XCBuildConfiguration;
			buildSettings = {
				ASSETCATALOG_COMPILER_APPICON_NAME = AppIcon;
				"CODE_SIGN_IDENTITY[sdk=iphoneos*]" = "iPhone Developer";
				CODE_SIGN_STYLE = Automatic;
				DEVELOPMENT_TEAM = 8GUJU2WAGX;
				INFOPLIST_FILE = "Sky/Supporting Files/Info.plist";
				LD_RUNPATH_SEARCH_PATHS = "$(inherited) @executable_path/Frameworks";
				PRODUCT_BUNDLE_IDENTIFIER = xyz.junyixin.Sky;
				PRODUCT_NAME = "$(TARGET_NAME)";
				PROVISIONING_PROFILE_SPECIFIER = "";
				SWIFT_VERSION = 4.0;
				TARGETED_DEVICE_FAMILY = "1,2";
			};
			name = Debug;
		};
		7759CFDE200F82F5006D472B /* Release */ = {
			isa = XCBuildConfiguration;
			buildSettings = {
				ASSETCATALOG_COMPILER_APPICON_NAME = AppIcon;
				"CODE_SIGN_IDENTITY[sdk=iphoneos*]" = "iPhone Developer";
				CODE_SIGN_STYLE = Automatic;
				DEVELOPMENT_TEAM = 8GUJU2WAGX;
				INFOPLIST_FILE = "Sky/Supporting Files/Info.plist";
				LD_RUNPATH_SEARCH_PATHS = "$(inherited) @executable_path/Frameworks";
				PRODUCT_BUNDLE_IDENTIFIER = xyz.junyixin.Sky;
				PRODUCT_NAME = "$(TARGET_NAME)";
				PROVISIONING_PROFILE_SPECIFIER = "";
				SWIFT_VERSION = 4.0;
				TARGETED_DEVICE_FAMILY = "1,2";
			};
			name = Release;
		};
		7759CFE0200F82F5006D472B /* Debug */ = {
			isa = XCBuildConfiguration;
			buildSettings = {
				ALWAYS_EMBED_SWIFT_STANDARD_LIBRARIES = YES;
				BUNDLE_LOADER = "$(TEST_HOST)";
				CLANG_ENABLE_MODULES = YES;
				CODE_SIGN_STYLE = Automatic;
				INFOPLIST_FILE = SkyTests/Info.plist;
				LD_RUNPATH_SEARCH_PATHS = "$(inherited) @executable_path/Frameworks @loader_path/Frameworks";
				PRODUCT_BUNDLE_IDENTIFIER = xyz.junyixin.SkyTests;
				PRODUCT_NAME = "$(TARGET_NAME)";
				SWIFT_OPTIMIZATION_LEVEL = "-Onone";
				SWIFT_VERSION = 4.0;
				TARGETED_DEVICE_FAMILY = "1,2";
				TEST_HOST = "$(BUILT_PRODUCTS_DIR)/Sky.app/Sky";
			};
			name = Debug;
		};
		7759CFE1200F82F5006D472B /* Release */ = {
			isa = XCBuildConfiguration;
			buildSettings = {
				ALWAYS_EMBED_SWIFT_STANDARD_LIBRARIES = YES;
				BUNDLE_LOADER = "$(TEST_HOST)";
				CLANG_ENABLE_MODULES = YES;
				CODE_SIGN_STYLE = Automatic;
				INFOPLIST_FILE = SkyTests/Info.plist;
				LD_RUNPATH_SEARCH_PATHS = "$(inherited) @executable_path/Frameworks @loader_path/Frameworks";
				PRODUCT_BUNDLE_IDENTIFIER = xyz.junyixin.SkyTests;
				PRODUCT_NAME = "$(TARGET_NAME)";
				SWIFT_VERSION = 4.0;
				TARGETED_DEVICE_FAMILY = "1,2";
				TEST_HOST = "$(BUILT_PRODUCTS_DIR)/Sky.app/Sky";
			};
			name = Release;
		};
		7759CFE3200F82F5006D472B /* Debug */ = {
			isa = XCBuildConfiguration;
			buildSettings = {
				ALWAYS_EMBED_SWIFT_STANDARD_LIBRARIES = YES;
				CLANG_ENABLE_MODULES = YES;
				CODE_SIGN_STYLE = Automatic;
				INFOPLIST_FILE = SkyUITests/Info.plist;
				LD_RUNPATH_SEARCH_PATHS = "$(inherited) @executable_path/Frameworks @loader_path/Frameworks";
				PRODUCT_BUNDLE_IDENTIFIER = xyz.junyixin.SkyUITests;
				PRODUCT_NAME = "$(TARGET_NAME)";
				SWIFT_OPTIMIZATION_LEVEL = "-Onone";
				SWIFT_VERSION = 4.0;
				TARGETED_DEVICE_FAMILY = "1,2";
				TEST_TARGET_NAME = Sky;
			};
			name = Debug;
		};
		7759CFE4200F82F5006D472B /* Release */ = {
			isa = XCBuildConfiguration;
			buildSettings = {
				ALWAYS_EMBED_SWIFT_STANDARD_LIBRARIES = YES;
				CLANG_ENABLE_MODULES = YES;
				CODE_SIGN_STYLE = Automatic;
				INFOPLIST_FILE = SkyUITests/Info.plist;
				LD_RUNPATH_SEARCH_PATHS = "$(inherited) @executable_path/Frameworks @loader_path/Frameworks";
				PRODUCT_BUNDLE_IDENTIFIER = xyz.junyixin.SkyUITests;
				PRODUCT_NAME = "$(TARGET_NAME)";
				SWIFT_VERSION = 4.0;
				TARGETED_DEVICE_FAMILY = "1,2";
				TEST_TARGET_NAME = Sky;
			};
			name = Release;
		};
/* End XCBuildConfiguration section */

/* Begin XCConfigurationList section */
		7759CFAF200F82F5006D472B /* Build configuration list for PBXProject "Sky" */ = {
			isa = XCConfigurationList;
			buildConfigurations = (
				7759CFDA200F82F5006D472B /* Debug */,
				7759CFDB200F82F5006D472B /* Release */,
			);
			defaultConfigurationIsVisible = 0;
			defaultConfigurationName = Release;
		};
		7759CFDC200F82F5006D472B /* Build configuration list for PBXNativeTarget "Sky" */ = {
			isa = XCConfigurationList;
			buildConfigurations = (
				7759CFDD200F82F5006D472B /* Debug */,
				7759CFDE200F82F5006D472B /* Release */,
			);
			defaultConfigurationIsVisible = 0;
			defaultConfigurationName = Release;
		};
		7759CFDF200F82F5006D472B /* Build configuration list for PBXNativeTarget "SkyTests" */ = {
			isa = XCConfigurationList;
			buildConfigurations = (
				7759CFE0200F82F5006D472B /* Debug */,
				7759CFE1200F82F5006D472B /* Release */,
			);
			defaultConfigurationIsVisible = 0;
			defaultConfigurationName = Release;
		};
		7759CFE2200F82F5006D472B /* Build configuration list for PBXNativeTarget "SkyUITests" */ = {
			isa = XCConfigurationList;
			buildConfigurations = (
				7759CFE3200F82F5006D472B /* Debug */,
				7759CFE4200F82F5006D472B /* Release */,
			);
			defaultConfigurationIsVisible = 0;
			defaultConfigurationName = Release;
		};
/* End XCConfigurationList section */
	};
	rootObject = 7759CFAC200F82F5006D472B /* Project object */;
}
